// !$*UTF8*$!
{
	archiveVersion = 1;
	classes = {
	};
	objectVersion = 55;
	objects = {

/* Begin PBXBuildFile section */
		98DF21B6284CEF3800B674E5 /* AppDelegate.swift in Sources */ = {isa = PBXBuildFile; fileRef = 98DF21B5284CEF3800B674E5 /* AppDelegate.swift */; };
		98DF21B8284CEF3800B674E5 /* SceneDelegate.swift in Sources */ = {isa = PBXBuildFile; fileRef = 98DF21B7284CEF3800B674E5 /* SceneDelegate.swift */; };
		98DF21BA284CEF3800B674E5 /* ViewController.swift in Sources */ = {isa = PBXBuildFile; fileRef = 98DF21B9284CEF3800B674E5 /* ViewController.swift */; };
		98DF21BD284CEF3800B674E5 /* Main.storyboard in Resources */ = {isa = PBXBuildFile; fileRef = 98DF21BB284CEF3800B674E5 /* Main.storyboard */; };
		98DF21BF284CEF3B00B674E5 /* Assets.xcassets in Resources */ = {isa = PBXBuildFile; fileRef = 98DF21BE284CEF3B00B674E5 /* Assets.xcassets */; };
		98DF21C2284CEF3B00B674E5 /* LaunchScreen.storyboard in Resources */ = {isa = PBXBuildFile; fileRef = 98DF21C0284CEF3B00B674E5 /* LaunchScreen.storyboard */; };
		98DF21D4284CF12D00B674E5 /* nssl0049.jpg in Resources */ = {isa = PBXBuildFile; fileRef = 98DF21CA284CF12D00B674E5 /* nssl0049.jpg */; };
		98DF21D5284CF12D00B674E5 /* nssl0046.jpg in Resources */ = {isa = PBXBuildFile; fileRef = 98DF21CB284CF12D00B674E5 /* nssl0046.jpg */; };
		98DF21D6284CF12D00B674E5 /* nssl0091.jpg in Resources */ = {isa = PBXBuildFile; fileRef = 98DF21CC284CF12D00B674E5 /* nssl0091.jpg */; };
		98DF21D7284CF12D00B674E5 /* nssl0045.jpg in Resources */ = {isa = PBXBuildFile; fileRef = 98DF21CD284CF12D00B674E5 /* nssl0045.jpg */; };
		98DF21D8284CF12D00B674E5 /* nssl0051.jpg in Resources */ = {isa = PBXBuildFile; fileRef = 98DF21CE284CF12D00B674E5 /* nssl0051.jpg */; };
		98DF21D9284CF12D00B674E5 /* nssl0041.jpg in Resources */ = {isa = PBXBuildFile; fileRef = 98DF21CF284CF12D00B674E5 /* nssl0041.jpg */; };
		98DF21DA284CF12D00B674E5 /* nssl0042.jpg in Resources */ = {isa = PBXBuildFile; fileRef = 98DF21D0284CF12D00B674E5 /* nssl0042.jpg */; };
		98DF21DB284CF12D00B674E5 /* nssl0043.jpg in Resources */ = {isa = PBXBuildFile; fileRef = 98DF21D1284CF12D00B674E5 /* nssl0043.jpg */; };
		98DF21DC284CF12D00B674E5 /* nssl0033.jpg in Resources */ = {isa = PBXBuildFile; fileRef = 98DF21D2284CF12D00B674E5 /* nssl0033.jpg */; };
		98DF21DD284CF12D00B674E5 /* nssl0034.jpg in Resources */ = {isa = PBXBuildFile; fileRef = 98DF21D3284CF12D00B674E5 /* nssl0034.jpg */; };
		98DF21DF284CF7AD00B674E5 /* DetailViewController.swift in Sources */ = {isa = PBXBuildFile; fileRef = 98DF21DE284CF7AD00B674E5 /* DetailViewController.swift */; };
/* End PBXBuildFile section */

/* Begin PBXFileReference section */
		98DF21B2284CEF3800B674E5 /* Project1.app */ = {isa = PBXFileReference; explicitFileType = wrapper.application; includeInIndex = 0; path = Project1.app; sourceTree = BUILT_PRODUCTS_DIR; };
		98DF21B5284CEF3800B674E5 /* AppDelegate.swift */ = {isa = PBXFileReference; lastKnownFileType = sourcecode.swift; path = AppDelegate.swift; sourceTree = "<group>"; };
		98DF21B7284CEF3800B674E5 /* SceneDelegate.swift */ = {isa = PBXFileReference; lastKnownFileType = sourcecode.swift; path = SceneDelegate.swift; sourceTree = "<group>"; };
		98DF21B9284CEF3800B674E5 /* ViewController.swift */ = {isa = PBXFileReference; lastKnownFileType = sourcecode.swift; path = ViewController.swift; sourceTree = "<group>"; };
		98DF21BC284CEF3800B674E5 /* Base */ = {isa = PBXFileReference; lastKnownFileType = file.storyboard; name = Base; path = Base.lproj/Main.storyboard; sourceTree = "<group>"; };
		98DF21BE284CEF3B00B674E5 /* Assets.xcassets */ = {isa = PBXFileReference; lastKnownFileType = folder.assetcatalog; path = Assets.xcassets; sourceTree = "<group>"; };
		98DF21C1284CEF3B00B674E5 /* Base */ = {isa = PBXFileReference; lastKnownFileType = file.storyboard; name = Base; path = Base.lproj/LaunchScreen.storyboard; sourceTree = "<group>"; };
		98DF21C3284CEF3B00B674E5 /* Info.plist */ = {isa = PBXFileReference; lastKnownFileType = text.plist.xml; path = Info.plist; sourceTree = "<group>"; };
		98DF21CA284CF12D00B674E5 /* nssl0049.jpg */ = {isa = PBXFileReference; lastKnownFileType = image.jpeg; path = nssl0049.jpg; sourceTree = "<group>"; };
		98DF21CB284CF12D00B674E5 /* nssl0046.jpg */ = {isa = PBXFileReference; lastKnownFileType = image.jpeg; path = nssl0046.jpg; sourceTree = "<group>"; };
		98DF21CC284CF12D00B674E5 /* nssl0091.jpg */ = {isa = PBXFileReference; lastKnownFileType = image.jpeg; path = nssl0091.jpg; sourceTree = "<group>"; };
		98DF21CD284CF12D00B674E5 /* nssl0045.jpg */ = {isa = PBXFileReference; lastKnownFileType = image.jpeg; path = nssl0045.jpg; sourceTree = "<group>"; };
		98DF21CE284CF12D00B674E5 /* nssl0051.jpg */ = {isa = PBXFileReference; lastKnownFileType = image.jpeg; path = nssl0051.jpg; sourceTree = "<group>"; };
		98DF21CF284CF12D00B674E5 /* nssl0041.jpg */ = {isa = PBXFileReference; lastKnownFileType = image.jpeg; path = nssl0041.jpg; sourceTree = "<group>"; };
		98DF21D0284CF12D00B674E5 /* nssl0042.jpg */ = {isa = PBXFileReference; lastKnownFileType = image.jpeg; path = nssl0042.jpg; sourceTree = "<group>"; };
		98DF21D1284CF12D00B674E5 /* nssl0043.jpg */ = {isa = PBXFileReference; lastKnownFileType = image.jpeg; path = nssl0043.jpg; sourceTree = "<group>"; };
		98DF21D2284CF12D00B674E5 /* nssl0033.jpg */ = {isa = PBXFileReference; lastKnownFileType = image.jpeg; path = nssl0033.jpg; sourceTree = "<group>"; };
		98DF21D3284CF12D00B674E5 /* nssl0034.jpg */ = {isa = PBXFileReference; lastKnownFileType = image.jpeg; path = nssl0034.jpg; sourceTree = "<group>"; };
		98DF21DE284CF7AD00B674E5 /* DetailViewController.swift */ = {isa = PBXFileReference; lastKnownFileType = sourcecode.swift; path = DetailViewController.swift; sourceTree = "<group>"; };
/* End PBXFileReference section */

/* Begin PBXFrameworksBuildPhase section */
		98DF21AF284CEF3800B674E5 /* Frameworks */ = {
			isa = PBXFrameworksBuildPhase;
			buildActionMask = 2147483647;
			files = (
			);
			runOnlyForDeploymentPostprocessing = 0;
		};
/* End PBXFrameworksBuildPhase section */

/* Begin PBXGroup section */
		98DF21A9284CEF3700B674E5 = {
			isa = PBXGroup;
			children = (
				98DF21B4284CEF3800B674E5 /* Project1 */,
				98DF21B3284CEF3800B674E5 /* Products */,
			);
			sourceTree = "<group>";
		};
		98DF21B3284CEF3800B674E5 /* Products */ = {
			isa = PBXGroup;
			children = (
				98DF21B2284CEF3800B674E5 /* Project1.app */,
			);
			name = Products;
			sourceTree = "<group>";
		};
		98DF21B4284CEF3800B674E5 /* Project1 */ = {
			isa = PBXGroup;
			children = (
				98DF21B5284CEF3800B674E5 /* AppDelegate.swift */,
				98DF21B7284CEF3800B674E5 /* SceneDelegate.swift */,
				98DF21B9284CEF3800B674E5 /* ViewController.swift */,
				98DF21DE284CF7AD00B674E5 /* DetailViewController.swift */,
				98DF21BB284CEF3800B674E5 /* Main.storyboard */,
				98DF21BE284CEF3B00B674E5 /* Assets.xcassets */,
				98DF21C0284CEF3B00B674E5 /* LaunchScreen.storyboard */,
				98DF21C3284CEF3B00B674E5 /* Info.plist */,
				98DF21C9284CF12D00B674E5 /* Content */,
			);
			path = Project1;
			sourceTree = "<group>";
		};
		98DF21C9284CF12D00B674E5 /* Content */ = {
			isa = PBXGroup;
			children = (
				98DF21CA284CF12D00B674E5 /* nssl0049.jpg */,
				98DF21CB284CF12D00B674E5 /* nssl0046.jpg */,
				98DF21CC284CF12D00B674E5 /* nssl0091.jpg */,
				98DF21CD284CF12D00B674E5 /* nssl0045.jpg */,
				98DF21CE284CF12D00B674E5 /* nssl0051.jpg */,
				98DF21CF284CF12D00B674E5 /* nssl0041.jpg */,
				98DF21D0284CF12D00B674E5 /* nssl0042.jpg */,
				98DF21D1284CF12D00B674E5 /* nssl0043.jpg */,
				98DF21D2284CF12D00B674E5 /* nssl0033.jpg */,
				98DF21D3284CF12D00B674E5 /* nssl0034.jpg */,
			);
			path = Content;
			sourceTree = "<group>";
		};
/* End PBXGroup section */

/* Begin PBXNativeTarget section */
		98DF21B1284CEF3800B674E5 /* Project1 */ = {
			isa = PBXNativeTarget;
			buildConfigurationList = 98DF21C6284CEF3B00B674E5 /* Build configuration list for PBXNativeTarget "Project1" */;
			buildPhases = (
				98DF21AE284CEF3800B674E5 /* Sources */,
				98DF21AF284CEF3800B674E5 /* Frameworks */,
				98DF21B0284CEF3800B674E5 /* Resources */,
			);
			buildRules = (
			);
			dependencies = (
			);
			name = Project1;
			productName = Project1;
			productReference = 98DF21B2284CEF3800B674E5 /* Project1.app */;
			productType = "com.apple.product-type.application";
		};
/* End PBXNativeTarget section */

/* Begin PBXProject section */
		98DF21AA284CEF3700B674E5 /* Project object */ = {
			isa = PBXProject;
			attributes = {
				BuildIndependentTargetsInParallel = 1;
				LastSwiftUpdateCheck = 1340;
				LastUpgradeCheck = 1340;
				TargetAttributes = {
					98DF21B1284CEF3800B674E5 = {
						CreatedOnToolsVersion = 13.4.1;
					};
				};
			};
			buildConfigurationList = 98DF21AD284CEF3700B674E5 /* Build configuration list for PBXProject "Project1" */;
			compatibilityVersion = "Xcode 13.0";
			developmentRegion = en;
			hasScannedForEncodings = 0;
			knownRegions = (
				en,
				Base,
			);
			mainGroup = 98DF21A9284CEF3700B674E5;
			productRefGroup = 98DF21B3284CEF3800B674E5 /* Products */;
			projectDirPath = "";
			projectRoot = "";
			targets = (
				98DF21B1284CEF3800B674E5 /* Project1 */,
			);
		};
/* End PBXProject section */

/* Begin PBXResourcesBuildPhase section */
		98DF21B0284CEF3800B674E5 /* Resources */ = {
			isa = PBXResourcesBuildPhase;
			buildActionMask = 2147483647;
			files = (
				98DF21D5284CF12D00B674E5 /* nssl0046.jpg in Resources */,
				98DF21DC284CF12D00B674E5 /* nssl0033.jpg in Resources */,
				98DF21D8284CF12D00B674E5 /* nssl0051.jpg in Resources */,
				98DF21D6284CF12D00B674E5 /* nssl0091.jpg in Resources */,
				98DF21DB284CF12D00B674E5 /* nssl0043.jpg in Resources */,
				98DF21DD284CF12D00B674E5 /* nssl0034.jpg in Resources */,
				98DF21D4284CF12D00B674E5 /* nssl0049.jpg in Resources */,
				98DF21D9284CF12D00B674E5 /* nssl0041.jpg in Resources */,
				98DF21DA284CF12D00B674E5 /* nssl0042.jpg in Resources */,
				98DF21C2284CEF3B00B674E5 /* LaunchScreen.storyboard in Resources */,
				98DF21BF284CEF3B00B674E5 /* Assets.xcassets in Resources */,
				98DF21D7284CF12D00B674E5 /* nssl0045.jpg in Resources */,
				98DF21BD284CEF3800B674E5 /* Main.storyboard in Resources */,
			);
			runOnlyForDeploymentPostprocessing = 0;
		};
/* End PBXResourcesBuildPhase section */

/* Begin PBXSourcesBuildPhase section */
		98DF21AE284CEF3800B674E5 /* Sources */ = {
			isa = PBXSourcesBuildPhase;
			buildActionMask = 2147483647;
			files = (
				98DF21BA284CEF3800B674E5 /* ViewController.swift in Sources */,
				98DF21B6284CEF3800B674E5 /* AppDelegate.swift in Sources */,
				98DF21B8284CEF3800B674E5 /* SceneDelegate.swift in Sources */,
				98DF21DF284CF7AD00B674E5 /* DetailViewController.swift in Sources */,
			);
			runOnlyForDeploymentPostprocessing = 0;
		};
/* End PBXSourcesBuildPhase section */

/* Begin PBXVariantGroup section */
		98DF21BB284CEF3800B674E5 /* Main.storyboard */ = {
			isa = PBXVariantGroup;
			children = (
				98DF21BC284CEF3800B674E5 /* Base */,
			);
			name = Main.storyboard;
			sourceTree = "<group>";
		};
		98DF21C0284CEF3B00B674E5 /* LaunchScreen.storyboard */ = {
			isa = PBXVariantGroup;
			children = (
				98DF21C1284CEF3B00B674E5 /* Base */,
			);
			name = LaunchScreen.storyboard;
			sourceTree = "<group>";
		};
/* End PBXVariantGroup section */

/* Begin XCBuildConfiguration section */
		98DF21C4284CEF3B00B674E5 /* Debug */ = {
			isa = XCBuildConfiguration;
			buildSettings = {
				ALWAYS_SEARCH_USER_PATHS = NO;
				CLANG_ANALYZER_NONNULL = YES;
				CLANG_ANALYZER_NUMBER_OBJECT_CONVERSION = YES_AGGRESSIVE;
				CLANG_CXX_LANGUAGE_STANDARD = "gnu++17";
				CLANG_ENABLE_MODULES = YES;
				CLANG_ENABLE_OBJC_ARC = YES;
				CLANG_ENABLE_OBJC_WEAK = YES;
				CLANG_WARN_BLOCK_CAPTURE_AUTORELEASING = YES;
				CLANG_WARN_BOOL_CONVERSION = YES;
				CLANG_WARN_COMMA = YES;
				CLANG_WARN_CONSTANT_CONVERSION = YES;
				CLANG_WARN_DEPRECATED_OBJC_IMPLEMENTATIONS = YES;
				CLANG_WARN_DIRECT_OBJC_ISA_USAGE = YES_ERROR;
				CLANG_WARN_DOCUMENTATION_COMMENTS = YES;
				CLANG_WARN_EMPTY_BODY = YES;
				CLANG_WARN_ENUM_CONVERSION = YES;
				CLANG_WARN_INFINITE_RECURSION = YES;
				CLANG_WARN_INT_CONVERSION = YES;
				CLANG_WARN_NON_LITERAL_NULL_CONVERSION = YES;
				CLANG_WARN_OBJC_IMPLICIT_RETAIN_SELF = YES;
				CLANG_WARN_OBJC_LITERAL_CONVERSION = YES;
				CLANG_WARN_OBJC_ROOT_CLASS = YES_ERROR;
				CLANG_WARN_QUOTED_INCLUDE_IN_FRAMEWORK_HEADER = YES;
				CLANG_WARN_RANGE_LOOP_ANALYSIS = YES;
				CLANG_WARN_STRICT_PROTOTYPES = YES;
				CLANG_WARN_SUSPICIOUS_MOVE = YES;
				CLANG_WARN_UNGUARDED_AVAILABILITY = YES_AGGRESSIVE;
				CLANG_WARN_UNREACHABLE_CODE = YES;
				CLANG_WARN__DUPLICATE_METHOD_MATCH = YES;
				COPY_PHASE_STRIP = NO;
				DEBUG_INFORMATION_FORMAT = dwarf;
				ENABLE_STRICT_OBJC_MSGSEND = YES;
				ENABLE_TESTABILITY = YES;
				GCC_C_LANGUAGE_STANDARD = gnu11;
				GCC_DYNAMIC_NO_PIC = NO;
				GCC_NO_COMMON_BLOCKS = YES;
				GCC_OPTIMIZATION_LEVEL = 0;
				GCC_PREPROCESSOR_DEFINITIONS = (
					"DEBUG=1",
					"$(inherited)",
				);
				GCC_WARN_64_TO_32_BIT_CONVERSION = YES;
				GCC_WARN_ABOUT_RETURN_TYPE = YES_ERROR;
				GCC_WARN_UNDECLARED_SELECTOR = YES;
				GCC_WARN_UNINITIALIZED_AUTOS = YES_AGGRESSIVE;
				GCC_WARN_UNUSED_FUNCTION = YES;
				GCC_WARN_UNUSED_VARIABLE = YES;
				IPHONEOS_DEPLOYMENT_TARGET = 15.5;
				MTL_ENABLE_DEBUG_INFO = INCLUDE_SOURCE;
				MTL_FAST_MATH = YES;
				ONLY_ACTIVE_ARCH = YES;
				SDKROOT = iphoneos;
				SWIFT_ACTIVE_COMPILATION_CONDITIONS = DEBUG;
				SWIFT_OPTIMIZATION_LEVEL = "-Onone";
			};
			name = Debug;
		};
		98DF21C5284CEF3B00B674E5 /* Release */ = {
			isa = XCBuildConfiguration;
			buildSettings = {
				ALWAYS_SEARCH_USER_PATHS = NO;
				CLANG_ANALYZER_NONNULL = YES;
				CLANG_ANALYZER_NUMBER_OBJECT_CONVERSION = YES_AGGRESSIVE;
				CLANG_CXX_LANGUAGE_STANDARD = "gnu++17";
				CLANG_ENABLE_MODULES = YES;
				CLANG_ENABLE_OBJC_ARC = YES;
				CLANG_ENABLE_OBJC_WEAK = YES;
				CLANG_WARN_BLOCK_CAPTURE_AUTORELEASING = YES;
				CLANG_WARN_BOOL_CONVERSION = YES;
				CLANG_WARN_COMMA = YES;
				CLANG_WARN_CONSTANT_CONVERSION = YES;
				CLANG_WARN_DEPRECATED_OBJC_IMPLEMENTATIONS = YES;
				CLANG_WARN_DIRECT_OBJC_ISA_USAGE = YES_ERROR;
				CLANG_WARN_DOCUMENTATION_COMMENTS = YES;
				CLANG_WARN_EMPTY_BODY = YES;
				CLANG_WARN_ENUM_CONVERSION = YES;
				CLANG_WARN_INFINITE_RECURSION = YES;
				CLANG_WARN_INT_CONVERSION = YES;
				CLANG_WARN_NON_LITERAL_NULL_CONVERSION = YES;
				CLANG_WARN_OBJC_IMPLICIT_RETAIN_SELF = YES;
				CLANG_WARN_OBJC_LITERAL_CONVERSION = YES;
				CLANG_WARN_OBJC_ROOT_CLASS = YES_ERROR;
				CLANG_WARN_QUOTED_INCLUDE_IN_FRAMEWORK_HEADER = YES;
				CLANG_WARN_RANGE_LOOP_ANALYSIS = YES;
				CLANG_WARN_STRICT_PROTOTYPES = YES;
				CLANG_WARN_SUSPICIOUS_MOVE = YES;
				CLANG_WARN_UNGUARDED_AVAILABILITY = YES_AGGRESSIVE;
				CLANG_WARN_UNREACHABLE_CODE = YES;
				CLANG_WARN__DUPLICATE_METHOD_MATCH = YES;
				COPY_PHASE_STRIP = NO;
				DEBUG_INFORMATION_FORMAT = "dwarf-with-dsym";
				ENABLE_NS_ASSERTIONS = NO;
				ENABLE_STRICT_OBJC_MSGSEND = YES;
				GCC_C_LANGUAGE_STANDARD = gnu11;
				GCC_NO_COMMON_BLOCKS = YES;
				GCC_WARN_64_TO_32_BIT_CONVERSION = YES;
				GCC_WARN_ABOUT_RETURN_TYPE = YES_ERROR;
				GCC_WARN_UNDECLARED_SELECTOR = YES;
				GCC_WARN_UNINITIALIZED_AUTOS = YES_AGGRESSIVE;
				GCC_WARN_UNUSED_FUNCTION = YES;
				GCC_WARN_UNUSED_VARIABLE = YES;
				IPHONEOS_DEPLOYMENT_TARGET = 15.5;
				MTL_ENABLE_DEBUG_INFO = NO;
				MTL_FAST_MATH = YES;
				SDKROOT = iphoneos;
				SWIFT_COMPILATION_MODE = wholemodule;
				SWIFT_OPTIMIZATION_LEVEL = "-O";
				VALIDATE_PRODUCT = YES;
			};
			name = Release;
		};
		98DF21C7284CEF3B00B674E5 /* Debug */ = {
			isa = XCBuildConfiguration;
			buildSettings = {
				ASSETCATALOG_COMPILER_APPICON_NAME = AppIcon;
				ASSETCATALOG_COMPILER_GLOBAL_ACCENT_COLOR_NAME = AccentColor;
				CODE_SIGN_STYLE = Automatic;
				CURRENT_PROJECT_VERSION = 1;
				DEVELOPMENT_TEAM = TDL4PT97XP;
				GENERATE_INFOPLIST_FILE = YES;
				INFOPLIST_FILE = Project1/Info.plist;
				INFOPLIST_KEY_UIApplicationSupportsIndirectInputEvents = YES;
				INFOPLIST_KEY_UILaunchStoryboardName = LaunchScreen;
				INFOPLIST_KEY_UIMainStoryboardFile = Main;
				INFOPLIST_KEY_UISupportedInterfaceOrientations_iPad = "UIInterfaceOrientationPortrait UIInterfaceOrientationPortraitUpsideDown UIInterfaceOrientationLandscapeLeft UIInterfaceOrientationLandscapeRight";
				INFOPLIST_KEY_UISupportedInterfaceOrientations_iPhone = "UIInterfaceOrientationPortrait UIInterfaceOrientationLandscapeLeft UIInterfaceOrientationLandscapeRight";
				LD_RUNPATH_SEARCH_PATHS = (
					"$(inherited)",
					"@executable_path/Frameworks",
				);
				MARKETING_VERSION = 1.0;
				PRODUCT_BUNDLE_IDENTIFIER = com.github.lrkhan.Project1;
				PRODUCT_NAME = "$(TARGET_NAME)";
				SWIFT_EMIT_LOC_STRINGS = YES;
				SWIFT_VERSION = 5.0;
				TARGETED_DEVICE_FAMILY = "1,2";
			};
			name = Debug;
		};
		98DF21C8284CEF3B00B674E5 /* Release */ = {
			isa = XCBuildConfiguration;
			buildSettings = {
				ASSETCATALOG_COMPILER_APPICON_NAME = AppIcon;
				ASSETCATALOG_COMPILER_GLOBAL_ACCENT_COLOR_NAME = AccentColor;
				CODE_SIGN_STYLE = Automatic;
				CURRENT_PROJECT_VERSION = 1;
				DEVELOPMENT_TEAM = TDL4PT97XP;
				GENERATE_INFOPLIST_FILE = YES;
				INFOPLIST_FILE = Project1/Info.plist;
				INFOPLIST_KEY_UIApplicationSupportsIndirectInputEvents = YES;
				INFOPLIST_KEY_UILaunchStoryboardName = LaunchScreen;
				INFOPLIST_KEY_UIMainStoryboardFile = Main;
				INFOPLIST_KEY_UISupportedInterfaceOrientations_iPad = "UIInterfaceOrientationPortrait UIInterfaceOrientationPortraitUpsideDown UIInterfaceOrientationLandscapeLeft UIInterfaceOrientationLandscapeRight";
				INFOPLIST_KEY_UISupportedInterfaceOrientations_iPhone = "UIInterfaceOrientationPortrait UIInterfaceOrientationLandscapeLeft UIInterfaceOrientationLandscapeRight";
				LD_RUNPATH_SEARCH_PATHS = (
					"$(inherited)",
					"@executable_path/Frameworks",
				);
				MARKETING_VERSION = 1.0;
				PRODUCT_BUNDLE_IDENTIFIER = com.github.lrkhan.Project1;
				PRODUCT_NAME = "$(TARGET_NAME)";
				SWIFT_EMIT_LOC_STRINGS = YES;
				SWIFT_VERSION = 5.0;
				TARGETED_DEVICE_FAMILY = "1,2";
			};
			name = Release;
		};
/* End XCBuildConfiguration section */

/* Begin XCConfigurationList section */
		98DF21AD284CEF3700B674E5 /* Build configuration list for PBXProject "Project1" */ = {
			isa = XCConfigurationList;
			buildConfigurations = (
				98DF21C4284CEF3B00B674E5 /* Debug */,
				98DF21C5284CEF3B00B674E5 /* Release */,
			);
			defaultConfigurationIsVisible = 0;
			defaultConfigurationName = Release;
		};
		98DF21C6284CEF3B00B674E5 /* Build configuration list for PBXNativeTarget "Project1" */ = {
			isa = XCConfigurationList;
			buildConfigurations = (
				98DF21C7284CEF3B00B674E5 /* Debug */,
				98DF21C8284CEF3B00B674E5 /* Release */,
			);
			defaultConfigurationIsVisible = 0;
			defaultConfigurationName = Release;
		};
/* End XCConfigurationList section */
	};
	rootObject = 98DF21AA284CEF3700B674E5 /* Project object */;
}
